
Microsoft Visual Studio Solution File, Format Version 12.00
# Visual Studio Version 17
VisualStudioVersion = 17.1.31911.260
MinimumVisualStudioVersion = 10.0.40219.1
Project("{FAE04EC0-301F-11D3-BF4B-00C04F79EFBC}") = "Proxy HW", "Proxy HW\Proxy HW.csproj", "{5EF244AE-F96D-4A18-9E6F-225D96AD7D5D}"
EndProject
Global
	GlobalSection(SolutionConfigurationPlatforms) = preSolution
		Debug|Any CPU = Debug|Any CPU
		Release|Any CPU = Release|Any CPU
	EndGlobalSection
	GlobalSection(ProjectConfigurationPlatforms) = postSolution
		{5EF244AE-F96D-4A18-9E6F-225D96AD7D5D}.Debug|Any CPU.ActiveCfg = Debug|Any CPU
		{5EF244AE-F96D-4A18-9E6F-225D96AD7D5D}.Debug|Any CPU.Build.0 = Debug|Any CPU
		{5EF244AE-F96D-4A18-9E6F-225D96AD7D5D}.Release|Any CPU.ActiveCfg = Release|Any CPU
		{5EF244AE-F96D-4A18-9E6F-225D96AD7D5D}.Release|Any CPU.Build.0 = Release|Any CPU
	EndGlobalSection
	GlobalSection(SolutionProperties) = preSolution
		HideSolutionNode = FALSE
	EndGlobalSection
	GlobalSection(ExtensibilityGlobals) = postSolution
		SolutionGuid = {F6100CDD-6A47-46C2-81AA-6BECB99FD4CF}
	EndGlobalSection
EndGlobal
