
Microsoft Visual Studio Solution File, Format Version 12.00
# Visual Studio Version 17
VisualStudioVersion = 17.1.31911.260
MinimumVisualStudioVersion = 10.0.40219.1
Project("{FAE04EC0-301F-11D3-BF4B-00C04F79EFBC}") = "Prototype", "Prototype\Prototype.csproj", "{04E406E3-319D-4200-97D7-7EFCDF0118A6}"
EndProject
Global
	GlobalSection(SolutionConfigurationPlatforms) = preSolution
		Debug|Any CPU = Debug|Any CPU
		Release|Any CPU = Release|Any CPU
	EndGlobalSection
	GlobalSection(ProjectConfigurationPlatforms) = postSolution
		{04E406E3-319D-4200-97D7-7EFCDF0118A6}.Debug|Any CPU.ActiveCfg = Debug|Any CPU
		{04E406E3-319D-4200-97D7-7EFCDF0118A6}.Debug|Any CPU.Build.0 = Debug|Any CPU
		{04E406E3-319D-4200-97D7-7EFCDF0118A6}.Release|Any CPU.ActiveCfg = Release|Any CPU
		{04E406E3-319D-4200-97D7-7EFCDF0118A6}.Release|Any CPU.Build.0 = Release|Any CPU
	EndGlobalSection
	GlobalSection(SolutionProperties) = preSolution
		HideSolutionNode = FALSE
	EndGlobalSection
	GlobalSection(ExtensibilityGlobals) = postSolution
		SolutionGuid = {058778A6-EE56-4BE9-8122-D0171FDAA015}
	EndGlobalSection
EndGlobal
